// !$*UTF8*$!
{
	archiveVersion = 1;
	classes = {
	};
	objectVersion = 56;
	objects = {

/* Begin PBXBuildFile section */
		1F5760412B81622400020411 /* AppDelegate.swift in Sources */ = {isa = PBXBuildFile; fileRef = 1F5760402B81622400020411 /* AppDelegate.swift */; };
		1F5760432B81622400020411 /* SceneDelegate.swift in Sources */ = {isa = PBXBuildFile; fileRef = 1F5760422B81622400020411 /* SceneDelegate.swift */; };
		1F5760482B81622400020411 /* Main.storyboard in Resources */ = {isa = PBXBuildFile; fileRef = 1F5760462B81622400020411 /* Main.storyboard */; };
		1F57604A2B81622500020411 /* Assets.xcassets in Resources */ = {isa = PBXBuildFile; fileRef = 1F5760492B81622500020411 /* Assets.xcassets */; };
		1F57604D2B81622500020411 /* LaunchScreen.storyboard in Resources */ = {isa = PBXBuildFile; fileRef = 1F57604B2B81622500020411 /* LaunchScreen.storyboard */; };
		1F5760582B81622500020411 /* CurrencyConverterM6Tests.swift in Sources */ = {isa = PBXBuildFile; fileRef = 1F5760572B81622500020411 /* CurrencyConverterM6Tests.swift */; };
		1F5760622B81622500020411 /* CurrencyConverterM6UITests.swift in Sources */ = {isa = PBXBuildFile; fileRef = 1F5760612B81622500020411 /* CurrencyConverterM6UITests.swift */; };
		1F5760642B81622500020411 /* CurrencyConverterM6UITestsLaunchTests.swift in Sources */ = {isa = PBXBuildFile; fileRef = 1F5760632B81622500020411 /* CurrencyConverterM6UITestsLaunchTests.swift */; };
		1F5760772B81690F00020411 /* ViewController.swift in Sources */ = {isa = PBXBuildFile; fileRef = 1F5760762B81690F00020411 /* ViewController.swift */; };
		1F5760792B81692A00020411 /* ConverterView.swift in Sources */ = {isa = PBXBuildFile; fileRef = 1F5760782B81692A00020411 /* ConverterView.swift */; };
		1F57607B2B81693800020411 /* ConverterLogic.swift in Sources */ = {isa = PBXBuildFile; fileRef = 1F57607A2B81693800020411 /* ConverterLogic.swift */; };
/* End PBXBuildFile section */

/* Begin PBXContainerItemProxy section */
		1F5760542B81622500020411 /* PBXContainerItemProxy */ = {
			isa = PBXContainerItemProxy;
			containerPortal = 1F5760352B81622400020411 /* Project object */;
			proxyType = 1;
			remoteGlobalIDString = 1F57603C2B81622400020411;
			remoteInfo = CurrencyConverterM6;
		};
		1F57605E2B81622500020411 /* PBXContainerItemProxy */ = {
			isa = PBXContainerItemProxy;
			containerPortal = 1F5760352B81622400020411 /* Project object */;
			proxyType = 1;
			remoteGlobalIDString = 1F57603C2B81622400020411;
			remoteInfo = CurrencyConverterM6;
		};
/* End PBXContainerItemProxy section */

/* Begin PBXFileReference section */
		1F57603D2B81622400020411 /* CurrencyConverterM6.app */ = {isa = PBXFileReference; explicitFileType = wrapper.application; includeInIndex = 0; path = CurrencyConverterM6.app; sourceTree = BUILT_PRODUCTS_DIR; };
		1F5760402B81622400020411 /* AppDelegate.swift */ = {isa = PBXFileReference; lastKnownFileType = sourcecode.swift; path = AppDelegate.swift; sourceTree = "<group>"; };
		1F5760422B81622400020411 /* SceneDelegate.swift */ = {isa = PBXFileReference; lastKnownFileType = sourcecode.swift; path = SceneDelegate.swift; sourceTree = "<group>"; };
		1F5760472B81622400020411 /* Base */ = {isa = PBXFileReference; lastKnownFileType = file.storyboard; name = Base; path = Base.lproj/Main.storyboard; sourceTree = "<group>"; };
		1F5760492B81622500020411 /* Assets.xcassets */ = {isa = PBXFileReference; lastKnownFileType = folder.assetcatalog; path = Assets.xcassets; sourceTree = "<group>"; };
		1F57604C2B81622500020411 /* Base */ = {isa = PBXFileReference; lastKnownFileType = file.storyboard; name = Base; path = Base.lproj/LaunchScreen.storyboard; sourceTree = "<group>"; };
		1F57604E2B81622500020411 /* Info.plist */ = {isa = PBXFileReference; lastKnownFileType = text.plist.xml; path = Info.plist; sourceTree = "<group>"; };
		1F5760532B81622500020411 /* CurrencyConverterM6Tests.xctest */ = {isa = PBXFileReference; explicitFileType = wrapper.cfbundle; includeInIndex = 0; path = CurrencyConverterM6Tests.xctest; sourceTree = BUILT_PRODUCTS_DIR; };
		1F5760572B81622500020411 /* CurrencyConverterM6Tests.swift */ = {isa = PBXFileReference; lastKnownFileType = sourcecode.swift; path = CurrencyConverterM6Tests.swift; sourceTree = "<group>"; };
		1F57605D2B81622500020411 /* CurrencyConverterM6UITests.xctest */ = {isa = PBXFileReference; explicitFileType = wrapper.cfbundle; includeInIndex = 0; path = CurrencyConverterM6UITests.xctest; sourceTree = BUILT_PRODUCTS_DIR; };
		1F5760612B81622500020411 /* CurrencyConverterM6UITests.swift */ = {isa = PBXFileReference; lastKnownFileType = sourcecode.swift; path = CurrencyConverterM6UITests.swift; sourceTree = "<group>"; };
		1F5760632B81622500020411 /* CurrencyConverterM6UITestsLaunchTests.swift */ = {isa = PBXFileReference; lastKnownFileType = sourcecode.swift; path = CurrencyConverterM6UITestsLaunchTests.swift; sourceTree = "<group>"; };
		1F5760762B81690F00020411 /* ViewController.swift */ = {isa = PBXFileReference; lastKnownFileType = sourcecode.swift; path = ViewController.swift; sourceTree = "<group>"; };
		1F5760782B81692A00020411 /* ConverterView.swift */ = {isa = PBXFileReference; lastKnownFileType = sourcecode.swift; path = ConverterView.swift; sourceTree = "<group>"; };
		1F57607A2B81693800020411 /* ConverterLogic.swift */ = {isa = PBXFileReference; lastKnownFileType = sourcecode.swift; path = ConverterLogic.swift; sourceTree = "<group>"; };
/* End PBXFileReference section */

/* Begin PBXFrameworksBuildPhase section */
		1F57603A2B81622400020411 /* Frameworks */ = {
			isa = PBXFrameworksBuildPhase;
			buildActionMask = 2147483647;
			files = (
			);
			runOnlyForDeploymentPostprocessing = 0;
		};
		1F5760502B81622500020411 /* Frameworks */ = {
			isa = PBXFrameworksBuildPhase;
			buildActionMask = 2147483647;
			files = (
			);
			runOnlyForDeploymentPostprocessing = 0;
		};
		1F57605A2B81622500020411 /* Frameworks */ = {
			isa = PBXFrameworksBuildPhase;
			buildActionMask = 2147483647;
			files = (
			);
			runOnlyForDeploymentPostprocessing = 0;
		};
/* End PBXFrameworksBuildPhase section */

/* Begin PBXGroup section */
		1F5760342B81622400020411 = {
			isa = PBXGroup;
			children = (
				1F57603F2B81622400020411 /* CurrencyConverterM6 */,
				1F5760562B81622500020411 /* CurrencyConverterM6Tests */,
				1F5760602B81622500020411 /* CurrencyConverterM6UITests */,
				1F57603E2B81622400020411 /* Products */,
			);
			sourceTree = "<group>";
		};
		1F57603E2B81622400020411 /* Products */ = {
			isa = PBXGroup;
			children = (
				1F57603D2B81622400020411 /* CurrencyConverterM6.app */,
				1F5760532B81622500020411 /* CurrencyConverterM6Tests.xctest */,
				1F57605D2B81622500020411 /* CurrencyConverterM6UITests.xctest */,
			);
			name = Products;
			sourceTree = "<group>";
		};
		1F57603F2B81622400020411 /* CurrencyConverterM6 */ = {
			isa = PBXGroup;
			children = (
				1F5760402B81622400020411 /* AppDelegate.swift */,
				1F5760422B81622400020411 /* SceneDelegate.swift */,
				1F5760722B8164C000020411 /* Model */,
				1F5760732B8164C700020411 /* Controller */,
				1F5760462B81622400020411 /* Main.storyboard */,
				1F5760492B81622500020411 /* Assets.xcassets */,
				1F57604B2B81622500020411 /* LaunchScreen.storyboard */,
				1F57604E2B81622500020411 /* Info.plist */,
			);
			path = CurrencyConverterM6;
			sourceTree = "<group>";
		};
		1F5760562B81622500020411 /* CurrencyConverterM6Tests */ = {
			isa = PBXGroup;
			children = (
				1F5760572B81622500020411 /* CurrencyConverterM6Tests.swift */,
			);
			path = CurrencyConverterM6Tests;
			sourceTree = "<group>";
		};
		1F5760602B81622500020411 /* CurrencyConverterM6UITests */ = {
			isa = PBXGroup;
			children = (
				1F5760612B81622500020411 /* CurrencyConverterM6UITests.swift */,
				1F5760632B81622500020411 /* CurrencyConverterM6UITestsLaunchTests.swift */,
			);
			path = CurrencyConverterM6UITests;
			sourceTree = "<group>";
		};
		1F5760722B8164C000020411 /* Model */ = {
			isa = PBXGroup;
			children = (
				1F57607A2B81693800020411 /* ConverterLogic.swift */,
			);
			path = Model;
			sourceTree = "<group>";
		};
		1F5760732B8164C700020411 /* Controller */ = {
			isa = PBXGroup;
			children = (
				1F5760762B81690F00020411 /* ViewController.swift */,
				1F5760782B81692A00020411 /* ConverterView.swift */,
			);
			path = Controller;
			sourceTree = "<group>";
		};
/* End PBXGroup section */

/* Begin PBXNativeTarget section */
		1F57603C2B81622400020411 /* CurrencyConverterM6 */ = {
			isa = PBXNativeTarget;
			buildConfigurationList = 1F5760672B81622500020411 /* Build configuration list for PBXNativeTarget "CurrencyConverterM6" */;
			buildPhases = (
				1F5760392B81622400020411 /* Sources */,
				1F57603A2B81622400020411 /* Frameworks */,
				1F57603B2B81622400020411 /* Resources */,
			);
			buildRules = (
			);
			dependencies = (
			);
			name = CurrencyConverterM6;
			productName = CurrencyConverterM6;
			productReference = 1F57603D2B81622400020411 /* CurrencyConverterM6.app */;
			productType = "com.apple.product-type.application";
		};
		1F5760522B81622500020411 /* CurrencyConverterM6Tests */ = {
			isa = PBXNativeTarget;
			buildConfigurationList = 1F57606A2B81622500020411 /* Build configuration list for PBXNativeTarget "CurrencyConverterM6Tests" */;
			buildPhases = (
				1F57604F2B81622500020411 /* Sources */,
				1F5760502B81622500020411 /* Frameworks */,
				1F5760512B81622500020411 /* Resources */,
			);
			buildRules = (
			);
			dependencies = (
				1F5760552B81622500020411 /* PBXTargetDependency */,
			);
			name = CurrencyConverterM6Tests;
			productName = CurrencyConverterM6Tests;
			productReference = 1F5760532B81622500020411 /* CurrencyConverterM6Tests.xctest */;
			productType = "com.apple.product-type.bundle.unit-test";
		};
		1F57605C2B81622500020411 /* CurrencyConverterM6UITests */ = {
			isa = PBXNativeTarget;
			buildConfigurationList = 1F57606D2B81622500020411 /* Build configuration list for PBXNativeTarget "CurrencyConverterM6UITests" */;
			buildPhases = (
				1F5760592B81622500020411 /* Sources */,
				1F57605A2B81622500020411 /* Frameworks */,
				1F57605B2B81622500020411 /* Resources */,
			);
			buildRules = (
			);
			dependencies = (
				1F57605F2B81622500020411 /* PBXTargetDependency */,
			);
			name = CurrencyConverterM6UITests;
			productName = CurrencyConverterM6UITests;
			productReference = 1F57605D2B81622500020411 /* CurrencyConverterM6UITests.xctest */;
			productType = "com.apple.product-type.bundle.ui-testing";
		};
/* End PBXNativeTarget section */

/* Begin PBXProject section */
		1F5760352B81622400020411 /* Project object */ = {
			isa = PBXProject;
			attributes = {
				BuildIndependentTargetsInParallel = 1;
				LastSwiftUpdateCheck = 1520;
				LastUpgradeCheck = 1520;
				TargetAttributes = {
					1F57603C2B81622400020411 = {
						CreatedOnToolsVersion = 15.2;
					};
					1F5760522B81622500020411 = {
						CreatedOnToolsVersion = 15.2;
						TestTargetID = 1F57603C2B81622400020411;
					};
					1F57605C2B81622500020411 = {
						CreatedOnToolsVersion = 15.2;
						TestTargetID = 1F57603C2B81622400020411;
					};
				};
			};
			buildConfigurationList = 1F5760382B81622400020411 /* Build configuration list for PBXProject "CurrencyConverterM6" */;
			compatibilityVersion = "Xcode 14.0";
			developmentRegion = en;
			hasScannedForEncodings = 0;
			knownRegions = (
				en,
				Base,
			);
			mainGroup = 1F5760342B81622400020411;
			productRefGroup = 1F57603E2B81622400020411 /* Products */;
			projectDirPath = "";
			projectRoot = "";
			targets = (
				1F57603C2B81622400020411 /* CurrencyConverterM6 */,
				1F5760522B81622500020411 /* CurrencyConverterM6Tests */,
				1F57605C2B81622500020411 /* CurrencyConverterM6UITests */,
			);
		};
/* End PBXProject section */

/* Begin PBXResourcesBuildPhase section */
		1F57603B2B81622400020411 /* Resources */ = {
			isa = PBXResourcesBuildPhase;
			buildActionMask = 2147483647;
			files = (
				1F57604D2B81622500020411 /* LaunchScreen.storyboard in Resources */,
				1F57604A2B81622500020411 /* Assets.xcassets in Resources */,
				1F5760482B81622400020411 /* Main.storyboard in Resources */,
			);
			runOnlyForDeploymentPostprocessing = 0;
		};
		1F5760512B81622500020411 /* Resources */ = {
			isa = PBXResourcesBuildPhase;
			buildActionMask = 2147483647;
			files = (
			);
			runOnlyForDeploymentPostprocessing = 0;
		};
		1F57605B2B81622500020411 /* Resources */ = {
			isa = PBXResourcesBuildPhase;
			buildActionMask = 2147483647;
			files = (
			);
			runOnlyForDeploymentPostprocessing = 0;
		};
/* End PBXResourcesBuildPhase section */

/* Begin PBXSourcesBuildPhase section */
		1F5760392B81622400020411 /* Sources */ = {
			isa = PBXSourcesBuildPhase;
			buildActionMask = 2147483647;
			files = (
				1F5760772B81690F00020411 /* ViewController.swift in Sources */,
				1F5760792B81692A00020411 /* ConverterView.swift in Sources */,
				1F5760412B81622400020411 /* AppDelegate.swift in Sources */,
				1F57607B2B81693800020411 /* ConverterLogic.swift in Sources */,
				1F5760432B81622400020411 /* SceneDelegate.swift in Sources */,
			);
			runOnlyForDeploymentPostprocessing = 0;
		};
		1F57604F2B81622500020411 /* Sources */ = {
			isa = PBXSourcesBuildPhase;
			buildActionMask = 2147483647;
			files = (
				1F5760582B81622500020411 /* CurrencyConverterM6Tests.swift in Sources */,
			);
			runOnlyForDeploymentPostprocessing = 0;
		};
		1F5760592B81622500020411 /* Sources */ = {
			isa = PBXSourcesBuildPhase;
			buildActionMask = 2147483647;
			files = (
				1F5760622B81622500020411 /* CurrencyConverterM6UITests.swift in Sources */,
				1F5760642B81622500020411 /* CurrencyConverterM6UITestsLaunchTests.swift in Sources */,
			);
			runOnlyForDeploymentPostprocessing = 0;
		};
/* End PBXSourcesBuildPhase section */

/* Begin PBXTargetDependency section */
		1F5760552B81622500020411 /* PBXTargetDependency */ = {
			isa = PBXTargetDependency;
			target = 1F57603C2B81622400020411 /* CurrencyConverterM6 */;
			targetProxy = 1F5760542B81622500020411 /* PBXContainerItemProxy */;
		};
		1F57605F2B81622500020411 /* PBXTargetDependency */ = {
			isa = PBXTargetDependency;
			target = 1F57603C2B81622400020411 /* CurrencyConverterM6 */;
			targetProxy = 1F57605E2B81622500020411 /* PBXContainerItemProxy */;
		};
/* End PBXTargetDependency section */

/* Begin PBXVariantGroup section */
		1F5760462B81622400020411 /* Main.storyboard */ = {
			isa = PBXVariantGroup;
			children = (
				1F5760472B81622400020411 /* Base */,
			);
			name = Main.storyboard;
			sourceTree = "<group>";
		};
		1F57604B2B81622500020411 /* LaunchScreen.storyboard */ = {
			isa = PBXVariantGroup;
			children = (
				1F57604C2B81622500020411 /* Base */,
			);
			name = LaunchScreen.storyboard;
			sourceTree = "<group>";
		};
/* End PBXVariantGroup section */

/* Begin XCBuildConfiguration section */
		1F5760652B81622500020411 /* Debug */ = {
			isa = XCBuildConfiguration;
			buildSettings = {
				ALWAYS_SEARCH_USER_PATHS = NO;
				ASSETCATALOG_COMPILER_GENERATE_SWIFT_ASSET_SYMBOL_EXTENSIONS = YES;
				CLANG_ANALYZER_NONNULL = YES;
				CLANG_ANALYZER_NUMBER_OBJECT_CONVERSION = YES_AGGRESSIVE;
				CLANG_CXX_LANGUAGE_STANDARD = "gnu++20";
				CLANG_ENABLE_MODULES = YES;
				CLANG_ENABLE_OBJC_ARC = YES;
				CLANG_ENABLE_OBJC_WEAK = YES;
				CLANG_WARN_BLOCK_CAPTURE_AUTORELEASING = YES;
				CLANG_WARN_BOOL_CONVERSION = YES;
				CLANG_WARN_COMMA = YES;
				CLANG_WARN_CONSTANT_CONVERSION = YES;
				CLANG_WARN_DEPRECATED_OBJC_IMPLEMENTATIONS = YES;
				CLANG_WARN_DIRECT_OBJC_ISA_USAGE = YES_ERROR;
				CLANG_WARN_DOCUMENTATION_COMMENTS = YES;
				CLANG_WARN_EMPTY_BODY = YES;
				CLANG_WARN_ENUM_CONVERSION = YES;
				CLANG_WARN_INFINITE_RECURSION = YES;
				CLANG_WARN_INT_CONVERSION = YES;
				CLANG_WARN_NON_LITERAL_NULL_CONVERSION = YES;
				CLANG_WARN_OBJC_IMPLICIT_RETAIN_SELF = YES;
				CLANG_WARN_OBJC_LITERAL_CONVERSION = YES;
				CLANG_WARN_OBJC_ROOT_CLASS = YES_ERROR;
				CLANG_WARN_QUOTED_INCLUDE_IN_FRAMEWORK_HEADER = YES;
				CLANG_WARN_RANGE_LOOP_ANALYSIS = YES;
				CLANG_WARN_STRICT_PROTOTYPES = YES;
				CLANG_WARN_SUSPICIOUS_MOVE = YES;
				CLANG_WARN_UNGUARDED_AVAILABILITY = YES_AGGRESSIVE;
				CLANG_WARN_UNREACHABLE_CODE = YES;
				CLANG_WARN__DUPLICATE_METHOD_MATCH = YES;
				COPY_PHASE_STRIP = NO;
				DEBUG_INFORMATION_FORMAT = dwarf;
				ENABLE_STRICT_OBJC_MSGSEND = YES;
				ENABLE_TESTABILITY = YES;
				ENABLE_USER_SCRIPT_SANDBOXING = YES;
				GCC_C_LANGUAGE_STANDARD = gnu17;
				GCC_DYNAMIC_NO_PIC = NO;
				GCC_NO_COMMON_BLOCKS = YES;
				GCC_OPTIMIZATION_LEVEL = 0;
				GCC_PREPROCESSOR_DEFINITIONS = (
					"DEBUG=1",
					"$(inherited)",
				);
				GCC_WARN_64_TO_32_BIT_CONVERSION = YES;
				GCC_WARN_ABOUT_RETURN_TYPE = YES_ERROR;
				GCC_WARN_UNDECLARED_SELECTOR = YES;
				GCC_WARN_UNINITIALIZED_AUTOS = YES_AGGRESSIVE;
				GCC_WARN_UNUSED_FUNCTION = YES;
				GCC_WARN_UNUSED_VARIABLE = YES;
				IPHONEOS_DEPLOYMENT_TARGET = 17.2;
				LOCALIZATION_PREFERS_STRING_CATALOGS = YES;
				MTL_ENABLE_DEBUG_INFO = INCLUDE_SOURCE;
				MTL_FAST_MATH = YES;
				ONLY_ACTIVE_ARCH = YES;
				SDKROOT = iphoneos;
				SWIFT_ACTIVE_COMPILATION_CONDITIONS = "DEBUG $(inherited)";
				SWIFT_OPTIMIZATION_LEVEL = "-Onone";
			};
			name = Debug;
		};
		1F5760662B81622500020411 /* Release */ = {
			isa = XCBuildConfiguration;
			buildSettings = {
				ALWAYS_SEARCH_USER_PATHS = NO;
				ASSETCATALOG_COMPILER_GENERATE_SWIFT_ASSET_SYMBOL_EXTENSIONS = YES;
				CLANG_ANALYZER_NONNULL = YES;
				CLANG_ANALYZER_NUMBER_OBJECT_CONVERSION = YES_AGGRESSIVE;
				CLANG_CXX_LANGUAGE_STANDARD = "gnu++20";
				CLANG_ENABLE_MODULES = YES;
				CLANG_ENABLE_OBJC_ARC = YES;
				CLANG_ENABLE_OBJC_WEAK = YES;
				CLANG_WARN_BLOCK_CAPTURE_AUTORELEASING = YES;
				CLANG_WARN_BOOL_CONVERSION = YES;
				CLANG_WARN_COMMA = YES;
				CLANG_WARN_CONSTANT_CONVERSION = YES;
				CLANG_WARN_DEPRECATED_OBJC_IMPLEMENTATIONS = YES;
				CLANG_WARN_DIRECT_OBJC_ISA_USAGE = YES_ERROR;
				CLANG_WARN_DOCUMENTATION_COMMENTS = YES;
				CLANG_WARN_EMPTY_BODY = YES;
				CLANG_WARN_ENUM_CONVERSION = YES;
				CLANG_WARN_INFINITE_RECURSION = YES;
				CLANG_WARN_INT_CONVERSION = YES;
				CLANG_WARN_NON_LITERAL_NULL_CONVERSION = YES;
				CLANG_WARN_OBJC_IMPLICIT_RETAIN_SELF = YES;
				CLANG_WARN_OBJC_LITERAL_CONVERSION = YES;
				CLANG_WARN_OBJC_ROOT_CLASS = YES_ERROR;
				CLANG_WARN_QUOTED_INCLUDE_IN_FRAMEWORK_HEADER = YES;
				CLANG_WARN_RANGE_LOOP_ANALYSIS = YES;
				CLANG_WARN_STRICT_PROTOTYPES = YES;
				CLANG_WARN_SUSPICIOUS_MOVE = YES;
				CLANG_WARN_UNGUARDED_AVAILABILITY = YES_AGGRESSIVE;
				CLANG_WARN_UNREACHABLE_CODE = YES;
				CLANG_WARN__DUPLICATE_METHOD_MATCH = YES;
				COPY_PHASE_STRIP = NO;
				DEBUG_INFORMATION_FORMAT = "dwarf-with-dsym";
				ENABLE_NS_ASSERTIONS = NO;
				ENABLE_STRICT_OBJC_MSGSEND = YES;
				ENABLE_USER_SCRIPT_SANDBOXING = YES;
				GCC_C_LANGUAGE_STANDARD = gnu17;
				GCC_NO_COMMON_BLOCKS = YES;
				GCC_WARN_64_TO_32_BIT_CONVERSION = YES;
				GCC_WARN_ABOUT_RETURN_TYPE = YES_ERROR;
				GCC_WARN_UNDECLARED_SELECTOR = YES;
				GCC_WARN_UNINITIALIZED_AUTOS = YES_AGGRESSIVE;
				GCC_WARN_UNUSED_FUNCTION = YES;
				GCC_WARN_UNUSED_VARIABLE = YES;
				IPHONEOS_DEPLOYMENT_TARGET = 17.2;
				LOCALIZATION_PREFERS_STRING_CATALOGS = YES;
				MTL_ENABLE_DEBUG_INFO = NO;
				MTL_FAST_MATH = YES;
				SDKROOT = iphoneos;
				SWIFT_COMPILATION_MODE = wholemodule;
				VALIDATE_PRODUCT = YES;
			};
			name = Release;
		};
		1F5760682B81622500020411 /* Debug */ = {
			isa = XCBuildConfiguration;
			buildSettings = {
				ASSETCATALOG_COMPILER_APPICON_NAME = AppIcon;
				ASSETCATALOG_COMPILER_GLOBAL_ACCENT_COLOR_NAME = AccentColor;
				CODE_SIGN_STYLE = Automatic;
				CURRENT_PROJECT_VERSION = 1;
				GENERATE_INFOPLIST_FILE = YES;
				INFOPLIST_FILE = CurrencyConverterM6/Info.plist;
				INFOPLIST_KEY_UIApplicationSupportsIndirectInputEvents = YES;
				INFOPLIST_KEY_UILaunchStoryboardName = LaunchScreen;
				INFOPLIST_KEY_UIMainStoryboardFile = Main;
				INFOPLIST_KEY_UISupportedInterfaceOrientations_iPad = "UIInterfaceOrientationPortrait UIInterfaceOrientationPortraitUpsideDown UIInterfaceOrientationLandscapeLeft UIInterfaceOrientationLandscapeRight";
				INFOPLIST_KEY_UISupportedInterfaceOrientations_iPhone = "UIInterfaceOrientationPortrait UIInterfaceOrientationLandscapeLeft UIInterfaceOrientationLandscapeRight";
				LD_RUNPATH_SEARCH_PATHS = (
					"$(inherited)",
					"@executable_path/Frameworks",
				);
				MARKETING_VERSION = 1.0;
				PRODUCT_BUNDLE_IDENTIFIER = cpsc5330.CurrencyConverterM6;
				PRODUCT_NAME = "$(TARGET_NAME)";
				SWIFT_EMIT_LOC_STRINGS = YES;
				SWIFT_VERSION = 5.0;
				TARGETED_DEVICE_FAMILY = "1,2";
			};
			name = Debug;
		};
		1F5760692B81622500020411 /* Release */ = {
			isa = XCBuildConfiguration;
			buildSettings = {
				ASSETCATALOG_COMPILER_APPICON_NAME = AppIcon;
				ASSETCATALOG_COMPILER_GLOBAL_ACCENT_COLOR_NAME = AccentColor;
				CODE_SIGN_STYLE = Automatic;
				CURRENT_PROJECT_VERSION = 1;
				GENERATE_INFOPLIST_FILE = YES;
				INFOPLIST_FILE = CurrencyConverterM6/Info.plist;
				INFOPLIST_KEY_UIApplicationSupportsIndirectInputEvents = YES;
				INFOPLIST_KEY_UILaunchStoryboardName = LaunchScreen;
				INFOPLIST_KEY_UIMainStoryboardFile = Main;
				INFOPLIST_KEY_UISupportedInterfaceOrientations_iPad = "UIInterfaceOrientationPortrait UIInterfaceOrientationPortraitUpsideDown UIInterfaceOrientationLandscapeLeft UIInterfaceOrientationLandscapeRight";
				INFOPLIST_KEY_UISupportedInterfaceOrientations_iPhone = "UIInterfaceOrientationPortrait UIInterfaceOrientationLandscapeLeft UIInterfaceOrientationLandscapeRight";
				LD_RUNPATH_SEARCH_PATHS = (
					"$(inherited)",
					"@executable_path/Frameworks",
				);
				MARKETING_VERSION = 1.0;
				PRODUCT_BUNDLE_IDENTIFIER = cpsc5330.CurrencyConverterM6;
				PRODUCT_NAME = "$(TARGET_NAME)";
				SWIFT_EMIT_LOC_STRINGS = YES;
				SWIFT_VERSION = 5.0;
				TARGETED_DEVICE_FAMILY = "1,2";
			};
			name = Release;
		};
		1F57606B2B81622500020411 /* Debug */ = {
			isa = XCBuildConfiguration;
			buildSettings = {
				ALWAYS_EMBED_SWIFT_STANDARD_LIBRARIES = YES;
				BUNDLE_LOADER = "$(TEST_HOST)";
				CODE_SIGN_STYLE = Automatic;
				CURRENT_PROJECT_VERSION = 1;
				GENERATE_INFOPLIST_FILE = YES;
				IPHONEOS_DEPLOYMENT_TARGET = 17.2;
				MARKETING_VERSION = 1.0;
				PRODUCT_BUNDLE_IDENTIFIER = cpsc5330.CurrencyConverterM6Tests;
				PRODUCT_NAME = "$(TARGET_NAME)";
				SWIFT_EMIT_LOC_STRINGS = NO;
				SWIFT_VERSION = 5.0;
				TARGETED_DEVICE_FAMILY = "1,2";
				TEST_HOST = "$(BUILT_PRODUCTS_DIR)/CurrencyConverterM6.app/$(BUNDLE_EXECUTABLE_FOLDER_PATH)/CurrencyConverterM6";
			};
			name = Debug;
		};
		1F57606C2B81622500020411 /* Release */ = {
			isa = XCBuildConfiguration;
			buildSettings = {
				ALWAYS_EMBED_SWIFT_STANDARD_LIBRARIES = YES;
				BUNDLE_LOADER = "$(TEST_HOST)";
				CODE_SIGN_STYLE = Automatic;
				CURRENT_PROJECT_VERSION = 1;
				GENERATE_INFOPLIST_FILE = YES;
				IPHONEOS_DEPLOYMENT_TARGET = 17.2;
				MARKETING_VERSION = 1.0;
				PRODUCT_BUNDLE_IDENTIFIER = cpsc5330.CurrencyConverterM6Tests;
				PRODUCT_NAME = "$(TARGET_NAME)";
				SWIFT_EMIT_LOC_STRINGS = NO;
				SWIFT_VERSION = 5.0;
				TARGETED_DEVICE_FAMILY = "1,2";
				TEST_HOST = "$(BUILT_PRODUCTS_DIR)/CurrencyConverterM6.app/$(BUNDLE_EXECUTABLE_FOLDER_PATH)/CurrencyConverterM6";
			};
			name = Release;
		};
		1F57606E2B81622500020411 /* Debug */ = {
			isa = XCBuildConfiguration;
			buildSettings = {
				ALWAYS_EMBED_SWIFT_STANDARD_LIBRARIES = YES;
				CODE_SIGN_STYLE = Automatic;
				CURRENT_PROJECT_VERSION = 1;
				GENERATE_INFOPLIST_FILE = YES;
				MARKETING_VERSION = 1.0;
				PRODUCT_BUNDLE_IDENTIFIER = cpsc5330.CurrencyConverterM6UITests;
				PRODUCT_NAME = "$(TARGET_NAME)";
				SWIFT_EMIT_LOC_STRINGS = NO;
				SWIFT_VERSION = 5.0;
				TARGETED_DEVICE_FAMILY = "1,2";
				TEST_TARGET_NAME = CurrencyConverterM6;
			};
			name = Debug;
		};
		1F57606F2B81622500020411 /* Release */ = {
			isa = XCBuildConfiguration;
			buildSettings = {
				ALWAYS_EMBED_SWIFT_STANDARD_LIBRARIES = YES;
				CODE_SIGN_STYLE = Automatic;
				CURRENT_PROJECT_VERSION = 1;
				GENERATE_INFOPLIST_FILE = YES;
				MARKETING_VERSION = 1.0;
				PRODUCT_BUNDLE_IDENTIFIER = cpsc5330.CurrencyConverterM6UITests;
				PRODUCT_NAME = "$(TARGET_NAME)";
				SWIFT_EMIT_LOC_STRINGS = NO;
				SWIFT_VERSION = 5.0;
				TARGETED_DEVICE_FAMILY = "1,2";
				TEST_TARGET_NAME = CurrencyConverterM6;
			};
			name = Release;
		};
/* End XCBuildConfiguration section */

/* Begin XCConfigurationList section */
		1F5760382B81622400020411 /* Build configuration list for PBXProject "CurrencyConverterM6" */ = {
			isa = XCConfigurationList;
			buildConfigurations = (
				1F5760652B81622500020411 /* Debug */,
				1F5760662B81622500020411 /* Release */,
			);
			defaultConfigurationIsVisible = 0;
			defaultConfigurationName = Release;
		};
		1F5760672B81622500020411 /* Build configuration list for PBXNativeTarget "CurrencyConverterM6" */ = {
			isa = XCConfigurationList;
			buildConfigurations = (
				1F5760682B81622500020411 /* Debug */,
				1F5760692B81622500020411 /* Release */,
			);
			defaultConfigurationIsVisible = 0;
			defaultConfigurationName = Release;
		};
		1F57606A2B81622500020411 /* Build configuration list for PBXNativeTarget "CurrencyConverterM6Tests" */ = {
			isa = XCConfigurationList;
			buildConfigurations = (
				1F57606B2B81622500020411 /* Debug */,
				1F57606C2B81622500020411 /* Release */,
			);
			defaultConfigurationIsVisible = 0;
			defaultConfigurationName = Release;
		};
		1F57606D2B81622500020411 /* Build configuration list for PBXNativeTarget "CurrencyConverterM6UITests" */ = {
			isa = XCConfigurationList;
			buildConfigurations = (
				1F57606E2B81622500020411 /* Debug */,
				1F57606F2B81622500020411 /* Release */,
			);
			defaultConfigurationIsVisible = 0;
			defaultConfigurationName = Release;
		};
/* End XCConfigurationList section */
	};
	rootObject = 1F5760352B81622400020411 /* Project object */;
}
